
Microsoft Visual Studio Solution File, Format Version 12.00
# Visual Studio Version 17
VisualStudioVersion = 17.5.33530.505
MinimumVisualStudioVersion = 10.0.40219.1
Project("{FAE04EC0-301F-11D3-BF4B-00C04F79EFBC}") = "HenrancaPoli", "HenrancaPoli\HenrancaPoli.csproj", "{BDDB1DC3-55B4-44A9-A678-19E14C7FC1EB}"
EndProject
Global
	GlobalSection(SolutionConfigurationPlatforms) = preSolution
		Debug|Any CPU = Debug|Any CPU
		Release|Any CPU = Release|Any CPU
	EndGlobalSection
	GlobalSection(ProjectConfigurationPlatforms) = postSolution
		{BDDB1DC3-55B4-44A9-A678-19E14C7FC1EB}.Debug|Any CPU.ActiveCfg = Debug|Any CPU
		{BDDB1DC3-55B4-44A9-A678-19E14C7FC1EB}.Debug|Any CPU.Build.0 = Debug|Any CPU
		{BDDB1DC3-55B4-44A9-A678-19E14C7FC1EB}.Release|Any CPU.ActiveCfg = Release|Any CPU
		{BDDB1DC3-55B4-44A9-A678-19E14C7FC1EB}.Release|Any CPU.Build.0 = Release|Any CPU
	EndGlobalSection
	GlobalSection(SolutionProperties) = preSolution
		HideSolutionNode = FALSE
	EndGlobalSection
	GlobalSection(ExtensibilityGlobals) = postSolution
		SolutionGuid = {898609D0-BB0F-4B12-B940-23F5290843E3}
	EndGlobalSection
EndGlobal
